
Microsoft Visual Studio Solution File, Format Version 12.00
# Visual Studio Version 17
VisualStudioVersion = 17.8.34330.188
MinimumVisualStudioVersion = 10.0.40219.1
Project("{FAE04EC0-301F-11D3-BF4B-00C04F79EFBC}") = "HospitalAPI", "HospitalAPI.csproj", "{CD033D42-92D4-4041-ACD7-8ECBA76EE63E}"
EndProject
Global
	GlobalSection(SolutionConfigurationPlatforms) = preSolution
		Debug|Any CPU = Debug|Any CPU
		Release|Any CPU = Release|Any CPU
	EndGlobalSection
	GlobalSection(ProjectConfigurationPlatforms) = postSolution
		{CD033D42-92D4-4041-ACD7-8ECBA76EE63E}.Debug|Any CPU.ActiveCfg = Debug|Any CPU
		{CD033D42-92D4-4041-ACD7-8ECBA76EE63E}.Debug|Any CPU.Build.0 = Debug|Any CPU
		{CD033D42-92D4-4041-ACD7-8ECBA76EE63E}.Release|Any CPU.ActiveCfg = Release|Any CPU
		{CD033D42-92D4-4041-ACD7-8ECBA76EE63E}.Release|Any CPU.Build.0 = Release|Any CPU
	EndGlobalSection
	GlobalSection(SolutionProperties) = preSolution
		HideSolutionNode = FALSE
	EndGlobalSection
	GlobalSection(ExtensibilityGlobals) = postSolution
		SolutionGuid = {7F0BEAA8-951F-4D12-80DF-4E96B07265F5}
	EndGlobalSection
EndGlobal
